
Microsoft Visual Studio Solution File, Format Version 12.00
# Visual Studio Version 17
VisualStudioVersion = 17.7.34003.232
MinimumVisualStudioVersion = 10.0.40219.1
Project("{8BC9CEB8-8B4A-11D0-8D11-00A0C91BC942}") = "MyPayrollClassAppWithSetValues02-12", "MyPayrollClassAppWithSetValues02-12\MyPayrollClassAppWithSetValues02-12.vcxproj", "{81C44F28-B891-44FC-8883-4CEFC8C6C85A}"
EndProject
Global
	GlobalSection(SolutionConfigurationPlatforms) = preSolution
		Debug|x64 = Debug|x64
		Debug|x86 = Debug|x86
		Release|x64 = Release|x64
		Release|x86 = Release|x86
	EndGlobalSection
	GlobalSection(ProjectConfigurationPlatforms) = postSolution
		{81C44F28-B891-44FC-8883-4CEFC8C6C85A}.Debug|x64.ActiveCfg = Debug|x64
		{81C44F28-B891-44FC-8883-4CEFC8C6C85A}.Debug|x64.Build.0 = Debug|x64
		{81C44F28-B891-44FC-8883-4CEFC8C6C85A}.Debug|x86.ActiveCfg = Debug|Win32
		{81C44F28-B891-44FC-8883-4CEFC8C6C85A}.Debug|x86.Build.0 = Debug|Win32
		{81C44F28-B891-44FC-8883-4CEFC8C6C85A}.Release|x64.ActiveCfg = Release|x64
		{81C44F28-B891-44FC-8883-4CEFC8C6C85A}.Release|x64.Build.0 = Release|x64
		{81C44F28-B891-44FC-8883-4CEFC8C6C85A}.Release|x86.ActiveCfg = Release|Win32
		{81C44F28-B891-44FC-8883-4CEFC8C6C85A}.Release|x86.Build.0 = Release|Win32
	EndGlobalSection
	GlobalSection(SolutionProperties) = preSolution
		HideSolutionNode = FALSE
	EndGlobalSection
	GlobalSection(ExtensibilityGlobals) = postSolution
		SolutionGuid = {BB28B55A-8C3F-47DF-8855-115F0D0B7F70}
	EndGlobalSection
EndGlobal
